
Microsoft Visual Studio Solution File, Format Version 12.00
# Visual Studio Version 17
VisualStudioVersion = 17.12.35209.166
MinimumVisualStudioVersion = 10.0.40219.1
Project("{FAE04EC0-301F-11D3-BF4B-00C04F79EFBC}") = "InventoryPortal", "InventoryPortal.csproj", "{CDF2C305-773A-4914-80FD-FBA4FFA177F1}"
EndProject
Global
	GlobalSection(SolutionConfigurationPlatforms) = preSolution
		Debug|Any CPU = Debug|Any CPU
		Release|Any CPU = Release|Any CPU
	EndGlobalSection
	GlobalSection(ProjectConfigurationPlatforms) = postSolution
		{CDF2C305-773A-4914-80FD-FBA4FFA177F1}.Debug|Any CPU.ActiveCfg = Debug|Any CPU
		{CDF2C305-773A-4914-80FD-FBA4FFA177F1}.Debug|Any CPU.Build.0 = Debug|Any CPU
		{CDF2C305-773A-4914-80FD-FBA4FFA177F1}.Release|Any CPU.ActiveCfg = Release|Any CPU
		{CDF2C305-773A-4914-80FD-FBA4FFA177F1}.Release|Any CPU.Build.0 = Release|Any CPU
	EndGlobalSection
	GlobalSection(SolutionProperties) = preSolution
		HideSolutionNode = FALSE
	EndGlobalSection
	GlobalSection(ExtensibilityGlobals) = postSolution
		SolutionGuid = {D992250A-8A5D-49D3-A1E8-20CD3D76BF8E}
	EndGlobalSection
EndGlobal
